PODS:
  - Alamofire (5.2.1)
  - Moya (14.0.0):
    - Moya/Core (= 14.0.0)
  - Moya/Core (14.0.0):
    - Alamofire (~> 5.0)
  - SwiftFormat/CLI (0.44.16)
  - SwiftLint (0.39.2)

DEPENDENCIES:
  - Moya
  - SwiftFormat/CLI
  - SwiftLint

SPEC REPOS:
  trunk:
    - Alamofire
    - Moya
    - SwiftFormat
    - SwiftLint

SPEC CHECKSUMS:
  Alamofire: e911732990610fe89af59ac0077f923d72dc3dfd
  Moya: 5b45dacb75adb009f97fde91c204c1e565d31916
  SwiftFormat: c44bd17c23f237956f67205a422a1bd352d42e4c
  SwiftLint: 22ccbbe3b8008684be5955693bab135e0ed6a447

PODFILE CHECKSUM: eb94857c79d973427fb122501705561944e232a4

COCOAPODS: 1.9.3
