PODS:
  - Realm (5.1.0):
    - Realm/Headers (= 5.1.0)
  - Realm/Headers (5.1.0)
  - RealmSwift (5.1.0):
    - Realm (= 5.1.0)
  - SwiftFormat/CLI (0.44.16)
  - SwiftLint (0.39.2)

DEPENDENCIES:
  - RealmSwift
  - SwiftFormat/CLI
  - SwiftLint

SPEC REPOS:
  trunk:
    - Realm
    - RealmSwift
    - SwiftFormat
    - SwiftLint

SPEC CHECKSUMS:
  Realm: bdea546851e37b4cf0a2400cef115c7c26fda488
  RealmSwift: 70945aa168db93b215c460e9c8ef680261aa28af
  SwiftFormat: c44bd17c23f237956f67205a422a1bd352d42e4c
  SwiftLint: 22ccbbe3b8008684be5955693bab135e0ed6a447

PODFILE CHECKSUM: 5549ae14cf4649bb1ff4917788d7b04dcc339a71

COCOAPODS: 1.9.3
